// !$*UTF8*$!
{
	archiveVersion = 1;
	classes = {
	};
	objectVersion = 46;
	objects = {

/* Begin PBXBuildFile section */
		1F04B147135750BC00741C40 /* AddPromiseViewController.m in Sources */ = {isa = PBXBuildFile; fileRef = 1F04B145135750BB00741C40 /* AddPromiseViewController.m */; };
		1F2713D4139E747C00910773 /* Icon.png in Resources */ = {isa = PBXBuildFile; fileRef = 1F2713D3139E747C00910773 /* Icon.png */; };
		1F2816561438D78800BA88D5 /* checkbox_default.png in Resources */ = {isa = PBXBuildFile; fileRef = 1F2816521438D78800BA88D5 /* checkbox_default.png */; };
		1F2816571438D78800BA88D5 /* checkbox_default@2x.png in Resources */ = {isa = PBXBuildFile; fileRef = 1F2816531438D78800BA88D5 /* checkbox_default@2x.png */; };
		1F2816581438D78800BA88D5 /* checkBox_selected.png in Resources */ = {isa = PBXBuildFile; fileRef = 1F2816541438D78800BA88D5 /* checkBox_selected.png */; };
		1F2816591438D78800BA88D5 /* checkBox_selected@2x.png in Resources */ = {isa = PBXBuildFile; fileRef = 1F2816551438D78800BA88D5 /* checkBox_selected@2x.png */; };
		1F36409A1357E88F005C3961 /* DateEditViewController.m in Sources */ = {isa = PBXBuildFile; fileRef = 1F3640981357E88F005C3961 /* DateEditViewController.m */; };
		1F36409B1357E88F005C3961 /* DateEditViewController.xib in Resources */ = {isa = PBXBuildFile; fileRef = 1F3640991357E88F005C3961 /* DateEditViewController.xib */; };
		1F3FF6E914397EF200711A9F /* libTapkuLibrary.a in Frameworks */ = {isa = PBXBuildFile; fileRef = 1F9DAFE01382A2B900F1D728 /* libTapkuLibrary.a */; };
		1F44264F138CA8FE00C767FF /* AddressBook.framework in Frameworks */ = {isa = PBXBuildFile; fileRef = 1F44264B138CA8FE00C767FF /* AddressBook.framework */; };
		1F442650138CA8FE00C767FF /* AudioToolbox.framework in Frameworks */ = {isa = PBXBuildFile; fileRef = 1F44264C138CA8FE00C767FF /* AudioToolbox.framework */; };
		1F442651138CA8FE00C767FF /* AVFoundation.framework in Frameworks */ = {isa = PBXBuildFile; fileRef = 1F44264D138CA8FE00C767FF /* AVFoundation.framework */; };
		1F442652138CA8FE00C767FF /* CoreLocation.framework in Frameworks */ = {isa = PBXBuildFile; fileRef = 1F44264E138CA8FE00C767FF /* CoreLocation.framework */; };
		1F442654138CA93900C767FF /* libsqlite3.dylib in Frameworks */ = {isa = PBXBuildFile; fileRef = 1F442653138CA93900C767FF /* libsqlite3.dylib */; };
		1F442656138CA94C00C767FF /* libz.dylib in Frameworks */ = {isa = PBXBuildFile; fileRef = 1F442655138CA94C00C767FF /* libz.dylib */; };
		1F442659138CA96F00C767FF /* iAd.framework in Frameworks */ = {isa = PBXBuildFile; fileRef = 1F442658138CA96F00C767FF /* iAd.framework */; };
		1F44265C138CA98500C767FF /* SystemConfiguration.framework in Frameworks */ = {isa = PBXBuildFile; fileRef = 1F44265B138CA98500C767FF /* SystemConfiguration.framework */; };
		1F44265E138CA9B300C767FF /* MessageUI.framework in Frameworks */ = {isa = PBXBuildFile; fileRef = 1F44265D138CA9B300C767FF /* MessageUI.framework */; };
		1F56E021137EBC6600B12B52 /* QuartzCore.framework in Frameworks */ = {isa = PBXBuildFile; fileRef = 1F56E020137EBC6600B12B52 /* QuartzCore.framework */; };
		1F56E023137EBC6E00B12B52 /* MapKit.framework in Frameworks */ = {isa = PBXBuildFile; fileRef = 1F56E022137EBC6E00B12B52 /* MapKit.framework */; };
		1F56E032137ECB2A00B12B52 /* TabItemForRootView.png in Resources */ = {isa = PBXBuildFile; fileRef = 1F56E030137ECB2A00B12B52 /* TabItemForRootView.png */; };
		1F56E033137ECB2A00B12B52 /* TabItemForSecondView.png in Resources */ = {isa = PBXBuildFile; fileRef = 1F56E031137ECB2A00B12B52 /* TabItemForSecondView.png */; };
		1F56E036137ECD2100B12B52 /* TabItemForRootView@2x.png in Resources */ = {isa = PBXBuildFile; fileRef = 1F56E034137ECD2100B12B52 /* TabItemForRootView@2x.png */; };
		1F56E037137ECD2100B12B52 /* TabItemForSecondView@2x.png in Resources */ = {isa = PBXBuildFile; fileRef = 1F56E035137ECD2100B12B52 /* TabItemForSecondView@2x.png */; };
		1F6A3F811376410500E55CF5 /* RootViewController.m in Sources */ = {isa = PBXBuildFile; fileRef = 1F6A3F7F1376410500E55CF5 /* RootViewController.m */; };
		1F6A3F821376410500E55CF5 /* RootViewController.xib in Resources */ = {isa = PBXBuildFile; fileRef = 1F6A3F801376410500E55CF5 /* RootViewController.xib */; };
		1F7F4DB213923ACC00D2ED6F /* CopyrightViewController.m in Sources */ = {isa = PBXBuildFile; fileRef = 1F7F4DB013923ACC00D2ED6F /* CopyrightViewController.m */; };
		1F7F4DB313923ACC00D2ED6F /* CopyrightViewController.xib in Resources */ = {isa = PBXBuildFile; fileRef = 1F7F4DB113923ACC00D2ED6F /* CopyrightViewController.xib */; };
		1F82794F1438C21D00C3B85C /* CheckBoxTableViewCell.m in Sources */ = {isa = PBXBuildFile; fileRef = 1F82794D1438C21D00C3B85C /* CheckBoxTableViewCell.m */; };
		1F8279501438C21D00C3B85C /* CheckBoxTableViewCell.xib in Resources */ = {isa = PBXBuildFile; fileRef = 1F82794E1438C21D00C3B85C /* CheckBoxTableViewCell.xib */; };
		1F829ACD138E52F60018B8BE /* ActionsViewController.m in Sources */ = {isa = PBXBuildFile; fileRef = 1F829ACB138E52F60018B8BE /* ActionsViewController.m */; };
		1F829ACE138E52F60018B8BE /* ActionsViewController.xib in Resources */ = {isa = PBXBuildFile; fileRef = 1F829ACC138E52F60018B8BE /* ActionsViewController.xib */; };
		1F8A3144143B6BE600C16B18 /* Twitter.framework in Frameworks */ = {isa = PBXBuildFile; fileRef = 1F8A3143143B6BE600C16B18 /* Twitter.framework */; };
		1F8CBA0D13928F810045068C /* ReminderViewController.m in Sources */ = {isa = PBXBuildFile; fileRef = 1F8CBA0B13928F810045068C /* ReminderViewController.m */; };
		1F8CBA0E13928F810045068C /* ReminderViewController.xib in Resources */ = {isa = PBXBuildFile; fileRef = 1F8CBA0C13928F810045068C /* ReminderViewController.xib */; };
		1F907059143B4F7000CC247B /* libAdMaker.a in Frameworks */ = {isa = PBXBuildFile; fileRef = 1F907058143B4F7000CC247B /* libAdMaker.a */; };
		1F91D6C01362C66E001C7E96 /* Action.m in Sources */ = {isa = PBXBuildFile; fileRef = 1F91D6BF1362C66E001C7E96 /* Action.m */; };
		1F993E6B13581626009FBF69 /* Promise.m in Sources */ = {isa = PBXBuildFile; fileRef = 1F993E6A13581626009FBF69 /* Promise.m */; };
		1F9DAFDC1382A2B800F1D728 /* TapkuLibrary.bundle in Resources */ = {isa = PBXBuildFile; fileRef = 1F9DAFD51382A2B800F1D728 /* TapkuLibrary.bundle */; };
		1F9FE6321399D77100837013 /* SettingViewController.m in Sources */ = {isa = PBXBuildFile; fileRef = 1F9FE6331399D77100837013 /* SettingViewController.m */; };
		1FB1B315138A67BD0095C726 /* AddPromiseForTestViewController.m in Sources */ = {isa = PBXBuildFile; fileRef = 1FB1B313138A67BD0095C726 /* AddPromiseForTestViewController.m */; };
		1FB1B316138A67BD0095C726 /* AddPromiseForTestViewController.xib in Resources */ = {isa = PBXBuildFile; fileRef = 1FB1B314138A67BD0095C726 /* AddPromiseForTestViewController.xib */; };
		1FB281DF1356EEB2003B2E2A /* UIKit.framework in Frameworks */ = {isa = PBXBuildFile; fileRef = 1FB281DE1356EEB2003B2E2A /* UIKit.framework */; };
		1FB281E11356EEB2003B2E2A /* Foundation.framework in Frameworks */ = {isa = PBXBuildFile; fileRef = 1FB281E01356EEB2003B2E2A /* Foundation.framework */; };
		1FB281E31356EEB2003B2E2A /* CoreGraphics.framework in Frameworks */ = {isa = PBXBuildFile; fileRef = 1FB281E21356EEB2003B2E2A /* CoreGraphics.framework */; };
		1FB281E51356EEB2003B2E2A /* CoreData.framework in Frameworks */ = {isa = PBXBuildFile; fileRef = 1FB281E41356EEB2003B2E2A /* CoreData.framework */; };
		1FB281EB1356EEB2003B2E2A /* InfoPlist.strings in Resources */ = {isa = PBXBuildFile; fileRef = 1FB281E91356EEB2003B2E2A /* InfoPlist.strings */; };
		1FB281EE1356EEB2003B2E2A /* main.m in Sources */ = {isa = PBXBuildFile; fileRef = 1FB281ED1356EEB2003B2E2A /* main.m */; };
		1FB281F11356EEB2003B2E2A /* MahoAppDelegate.m in Sources */ = {isa = PBXBuildFile; fileRef = 1FB281F01356EEB2003B2E2A /* MahoAppDelegate.m */; };
		1FB281F41356EEB2003B2E2A /* Maho.xcdatamodeld in Sources */ = {isa = PBXBuildFile; fileRef = 1FB281F21356EEB2003B2E2A /* Maho.xcdatamodeld */; };
		1FB281F71356EEB2003B2E2A /* MainWindow.xib in Resources */ = {isa = PBXBuildFile; fileRef = 1FB281F51356EEB2003B2E2A /* MainWindow.xib */; };
		1FB282041356EEB2003B2E2A /* UIKit.framework in Frameworks */ = {isa = PBXBuildFile; fileRef = 1FB281DE1356EEB2003B2E2A /* UIKit.framework */; };
		1FB282051356EEB2003B2E2A /* Foundation.framework in Frameworks */ = {isa = PBXBuildFile; fileRef = 1FB281E01356EEB2003B2E2A /* Foundation.framework */; };
		1FB282061356EEB2003B2E2A /* CoreGraphics.framework in Frameworks */ = {isa = PBXBuildFile; fileRef = 1FB281E21356EEB2003B2E2A /* CoreGraphics.framework */; };
		1FB282071356EEB2003B2E2A /* CoreData.framework in Frameworks */ = {isa = PBXBuildFile; fileRef = 1FB281E41356EEB2003B2E2A /* CoreData.framework */; };
		1FB2820F1356EEB2003B2E2A /* InfoPlist.strings in Resources */ = {isa = PBXBuildFile; fileRef = 1FB2820D1356EEB2003B2E2A /* InfoPlist.strings */; };
		1FB282121356EEB2003B2E2A /* MahoTests.h in Resources */ = {isa = PBXBuildFile; fileRef = 1FB282111356EEB2003B2E2A /* MahoTests.h */; };
		1FB282141356EEB2003B2E2A /* MahoTests.m in Sources */ = {isa = PBXBuildFile; fileRef = 1FB282131356EEB2003B2E2A /* MahoTests.m */; };
		1FB282211356EF2F003B2E2A /* SecondViewController.m in Sources */ = {isa = PBXBuildFile; fileRef = 1FB2821F1356EF2F003B2E2A /* SecondViewController.m */; };
		1FB282221356EF2F003B2E2A /* SecondViewController.xib in Resources */ = {isa = PBXBuildFile; fileRef = 1FB282201356EF2F003B2E2A /* SecondViewController.xib */; };
		1FB2822F1356F29A003B2E2A /* SettingViewController.xib in Resources */ = {isa = PBXBuildFile; fileRef = 1FB2822D1356F29A003B2E2A /* SettingViewController.xib */; };
		1FBD0C0113932B7D00A5F183 /* Localizable.strings in Resources */ = {isa = PBXBuildFile; fileRef = 1FBD0C0313932B7D00A5F183 /* Localizable.strings */; };
		1FBE5E76135FBECA0052B605 /* EditableTableViewCell.m in Sources */ = {isa = PBXBuildFile; fileRef = 1FBE5E74135FBECA0052B605 /* EditableTableViewCell.m */; };
		1FBE5E77135FBECA0052B605 /* EditableTableViewCell.xib in Resources */ = {isa = PBXBuildFile; fileRef = 1FBE5E75135FBECA0052B605 /* EditableTableViewCell.xib */; };
		1FC571531438B0DE004F0F27 /* AddPromiseViewController.xib in Resources */ = {isa = PBXBuildFile; fileRef = 1FC571511438B0D9004F0F27 /* AddPromiseViewController.xib */; };
		1FC5BA50138DE7F800F5444F /* jtUniversalLib.a in Frameworks */ = {isa = PBXBuildFile; fileRef = 1FC5BA4F138DE7F800F5444F /* jtUniversalLib.a */; };
		1FC5BA52138DED3400F5444F /* MediaPlayer.framework in Frameworks */ = {isa = PBXBuildFile; fileRef = 1FC5BA51138DED3400F5444F /* MediaPlayer.framework */; };
		1FD88B0313752E2A008BFB41 /* Icon@2x.png in Resources */ = {isa = PBXBuildFile; fileRef = 1FD88B0113752542008BFB41 /* Icon@2x.png */; };
		1FE5A862139B513200A1D481 /* OpenAL.framework in Frameworks */ = {isa = PBXBuildFile; fileRef = 1FE5A861139B513200A1D481 /* OpenAL.framework */; };
/* End PBXBuildFile section */

/* Begin PBXContainerItemProxy section */
		1F9DAFDF1382A2B900F1D728 /* PBXContainerItemProxy */ = {
			isa = PBXContainerItemProxy;
			containerPortal = 1F9DAFD61382A2B800F1D728 /* TapkuLibrary.xcodeproj */;
			proxyType = 2;
			remoteGlobalIDString = D2AAC07E0554694100DB518D;
			remoteInfo = TapkuLibrary;
		};
		1F9DAFE11382A2B900F1D728 /* PBXContainerItemProxy */ = {
			isa = PBXContainerItemProxy;
			containerPortal = 1F9DAFD61382A2B800F1D728 /* TapkuLibrary.xcodeproj */;
			proxyType = 2;
			remoteGlobalIDString = 3B45DDF1134C736600D24C1A;
			remoteInfo = LogicTests;
		};
		1F9DAFE31382A2C100F1D728 /* PBXContainerItemProxy */ = {
			isa = PBXContainerItemProxy;
			containerPortal = 1F9DAFD61382A2B800F1D728 /* TapkuLibrary.xcodeproj */;
			proxyType = 1;
			remoteGlobalIDString = D2AAC07D0554694100DB518D;
			remoteInfo = TapkuLibrary;
		};
		1FB282081356EEB2003B2E2A /* PBXContainerItemProxy */ = {
			isa = PBXContainerItemProxy;
			containerPortal = 1FB281D11356EEB2003B2E2A /* Project object */;
			proxyType = 1;
			remoteGlobalIDString = 1FB281D91356EEB2003B2E2A;
			remoteInfo = Maho;
		};
/* End PBXContainerItemProxy section */

/* Begin PBXFileReference section */
		1F04B144135750BB00741C40 /* AddPromiseViewController.h */ = {isa = PBXFileReference; fileEncoding = 4; lastKnownFileType = sourcecode.c.h; path = AddPromiseViewController.h; sourceTree = "<group>"; };
		1F04B145135750BB00741C40 /* AddPromiseViewController.m */ = {isa = PBXFileReference; fileEncoding = 4; lastKnownFileType = sourcecode.c.objc; path = AddPromiseViewController.m; sourceTree = "<group>"; };
		1F2713D3139E747C00910773 /* Icon.png */ = {isa = PBXFileReference; lastKnownFileType = image.png; path = Icon.png; sourceTree = "<group>"; };
		1F2816521438D78800BA88D5 /* checkbox_default.png */ = {isa = PBXFileReference; lastKnownFileType = image.png; path = checkbox_default.png; sourceTree = "<group>"; };
		1F2816531438D78800BA88D5 /* checkbox_default@2x.png */ = {isa = PBXFileReference; lastKnownFileType = image.png; path = "checkbox_default@2x.png"; sourceTree = "<group>"; };
		1F2816541438D78800BA88D5 /* checkBox_selected.png */ = {isa = PBXFileReference; lastKnownFileType = image.png; path = checkBox_selected.png; sourceTree = "<group>"; };
		1F2816551438D78800BA88D5 /* checkBox_selected@2x.png */ = {isa = PBXFileReference; lastKnownFileType = image.png; path = "checkBox_selected@2x.png"; sourceTree = "<group>"; };
		1F3640971357E88F005C3961 /* DateEditViewController.h */ = {isa = PBXFileReference; fileEncoding = 4; lastKnownFileType = sourcecode.c.h; path = DateEditViewController.h; sourceTree = "<group>"; };
		1F3640981357E88F005C3961 /* DateEditViewController.m */ = {isa = PBXFileReference; fileEncoding = 4; lastKnownFileType = sourcecode.c.objc; path = DateEditViewController.m; sourceTree = "<group>"; };
		1F3640991357E88F005C3961 /* DateEditViewController.xib */ = {isa = PBXFileReference; fileEncoding = 4; lastKnownFileType = file.xib; path = DateEditViewController.xib; sourceTree = "<group>"; };
		1F44264B138CA8FE00C767FF /* AddressBook.framework */ = {isa = PBXFileReference; lastKnownFileType = wrapper.framework; name = AddressBook.framework; path = System/Library/Frameworks/AddressBook.framework; sourceTree = SDKROOT; };
		1F44264C138CA8FE00C767FF /* AudioToolbox.framework */ = {isa = PBXFileReference; lastKnownFileType = wrapper.framework; name = AudioToolbox.framework; path = System/Library/Frameworks/AudioToolbox.framework; sourceTree = SDKROOT; };
		1F44264D138CA8FE00C767FF /* AVFoundation.framework */ = {isa = PBXFileReference; lastKnownFileType = wrapper.framework; name = AVFoundation.framework; path = System/Library/Frameworks/AVFoundation.framework; sourceTree = SDKROOT; };
		1F44264E138CA8FE00C767FF /* CoreLocation.framework */ = {isa = PBXFileReference; lastKnownFileType = wrapper.framework; name = CoreLocation.framework; path = System/Library/Frameworks/CoreLocation.framework; sourceTree = SDKROOT; };
		1F442653138CA93900C767FF /* libsqlite3.dylib */ = {isa = PBXFileReference; lastKnownFileType = "compiled.mach-o.dylib"; name = libsqlite3.dylib; path = usr/lib/libsqlite3.dylib; sourceTree = SDKROOT; };
		1F442655138CA94C00C767FF /* libz.dylib */ = {isa = PBXFileReference; lastKnownFileType = "compiled.mach-o.dylib"; name = libz.dylib; path = usr/lib/libz.dylib; sourceTree = SDKROOT; };
		1F442657138CA95500C767FF /* MapKit.framework */ = {isa = PBXFileReference; lastKnownFileType = wrapper.framework; name = MapKit.framework; path = System/Library/Frameworks/MapKit.framework; sourceTree = SDKROOT; };
		1F442658138CA96F00C767FF /* iAd.framework */ = {isa = PBXFileReference; lastKnownFileType = wrapper.framework; name = iAd.framework; path = System/Library/Frameworks/iAd.framework; sourceTree = SDKROOT; };
		1F44265A138CA97700C767FF /* QuartzCore.framework */ = {isa = PBXFileReference; lastKnownFileType = wrapper.framework; name = QuartzCore.framework; path = System/Library/Frameworks/QuartzCore.framework; sourceTree = SDKROOT; };
		1F44265B138CA98500C767FF /* SystemConfiguration.framework */ = {isa = PBXFileReference; lastKnownFileType = wrapper.framework; name = SystemConfiguration.framework; path = System/Library/Frameworks/SystemConfiguration.framework; sourceTree = SDKROOT; };
		1F44265D138CA9B300C767FF /* MessageUI.framework */ = {isa = PBXFileReference; lastKnownFileType = wrapper.framework; name = MessageUI.framework; path = System/Library/Frameworks/MessageUI.framework; sourceTree = SDKROOT; };
		1F56E020137EBC6600B12B52 /* QuartzCore.framework */ = {isa = PBXFileReference; lastKnownFileType = wrapper.framework; name = QuartzCore.framework; path = System/Library/Frameworks/QuartzCore.framework; sourceTree = SDKROOT; };
		1F56E022137EBC6E00B12B52 /* MapKit.framework */ = {isa = PBXFileReference; lastKnownFileType = wrapper.framework; name = MapKit.framework; path = System/Library/Frameworks/MapKit.framework; sourceTree = SDKROOT; };
		1F56E030137ECB2A00B12B52 /* TabItemForRootView.png */ = {isa = PBXFileReference; lastKnownFileType = image.png; path = TabItemForRootView.png; sourceTree = "<group>"; };
		1F56E031137ECB2A00B12B52 /* TabItemForSecondView.png */ = {isa = PBXFileReference; lastKnownFileType = image.png; path = TabItemForSecondView.png; sourceTree = "<group>"; };
		1F56E034137ECD2100B12B52 /* TabItemForRootView@2x.png */ = {isa = PBXFileReference; lastKnownFileType = image.png; path = "TabItemForRootView@2x.png"; sourceTree = "<group>"; };
		1F56E035137ECD2100B12B52 /* TabItemForSecondView@2x.png */ = {isa = PBXFileReference; lastKnownFileType = image.png; path = "TabItemForSecondView@2x.png"; sourceTree = "<group>"; };
		1F6A3F7E1376410500E55CF5 /* RootViewController.h */ = {isa = PBXFileReference; fileEncoding = 4; lastKnownFileType = sourcecode.c.h; path = RootViewController.h; sourceTree = "<group>"; };
		1F6A3F7F1376410500E55CF5 /* RootViewController.m */ = {isa = PBXFileReference; fileEncoding = 4; lastKnownFileType = sourcecode.c.objc; path = RootViewController.m; sourceTree = "<group>"; };
		1F6A3F801376410500E55CF5 /* RootViewController.xib */ = {isa = PBXFileReference; fileEncoding = 4; lastKnownFileType = file.xib; path = RootViewController.xib; sourceTree = "<group>"; };
		1F7F4DAF13923ACC00D2ED6F /* CopyrightViewController.h */ = {isa = PBXFileReference; fileEncoding = 4; lastKnownFileType = sourcecode.c.h; path = CopyrightViewController.h; sourceTree = "<group>"; };
		1F7F4DB013923ACC00D2ED6F /* CopyrightViewController.m */ = {isa = PBXFileReference; fileEncoding = 4; lastKnownFileType = sourcecode.c.objc; path = CopyrightViewController.m; sourceTree = "<group>"; };
		1F7F4DB113923ACC00D2ED6F /* CopyrightViewController.xib */ = {isa = PBXFileReference; fileEncoding = 4; lastKnownFileType = file.xib; path = CopyrightViewController.xib; sourceTree = "<group>"; };
		1F82794C1438C21D00C3B85C /* CheckBoxTableViewCell.h */ = {isa = PBXFileReference; fileEncoding = 4; lastKnownFileType = sourcecode.c.h; path = CheckBoxTableViewCell.h; sourceTree = "<group>"; };
		1F82794D1438C21D00C3B85C /* CheckBoxTableViewCell.m */ = {isa = PBXFileReference; fileEncoding = 4; lastKnownFileType = sourcecode.c.objc; path = CheckBoxTableViewCell.m; sourceTree = "<group>"; };
		1F82794E1438C21D00C3B85C /* CheckBoxTableViewCell.xib */ = {isa = PBXFileReference; fileEncoding = 4; lastKnownFileType = file.xib; path = CheckBoxTableViewCell.xib; sourceTree = "<group>"; };
		1F829ACA138E52F60018B8BE /* ActionsViewController.h */ = {isa = PBXFileReference; fileEncoding = 4; lastKnownFileType = sourcecode.c.h; path = ActionsViewController.h; sourceTree = "<group>"; };
		1F829ACB138E52F60018B8BE /* ActionsViewController.m */ = {isa = PBXFileReference; fileEncoding = 4; lastKnownFileType = sourcecode.c.objc; path = ActionsViewController.m; sourceTree = "<group>"; };
		1F829ACC138E52F60018B8BE /* ActionsViewController.xib */ = {isa = PBXFileReference; fileEncoding = 4; lastKnownFileType = file.xib; path = ActionsViewController.xib; sourceTree = "<group>"; };
		1F8A3143143B6BE600C16B18 /* Twitter.framework */ = {isa = PBXFileReference; lastKnownFileType = wrapper.framework; name = Twitter.framework; path = System/Library/Frameworks/Twitter.framework; sourceTree = SDKROOT; };
		1F8CBA0A13928F810045068C /* ReminderViewController.h */ = {isa = PBXFileReference; fileEncoding = 4; lastKnownFileType = sourcecode.c.h; path = ReminderViewController.h; sourceTree = "<group>"; };
		1F8CBA0B13928F810045068C /* ReminderViewController.m */ = {isa = PBXFileReference; fileEncoding = 4; lastKnownFileType = sourcecode.c.objc; path = ReminderViewController.m; sourceTree = "<group>"; };
		1F8CBA0C13928F810045068C /* ReminderViewController.xib */ = {isa = PBXFileReference; fileEncoding = 4; lastKnownFileType = file.xib; path = ReminderViewController.xib; sourceTree = "<group>"; };
		1F907056143B4F7000CC247B /* AdMakerDelegate.h */ = {isa = PBXFileReference; fileEncoding = 4; lastKnownFileType = sourcecode.c.h; path = AdMakerDelegate.h; sourceTree = "<group>"; };
		1F907057143B4F7000CC247B /* AdMakerView.h */ = {isa = PBXFileReference; fileEncoding = 4; lastKnownFileType = sourcecode.c.h; path = AdMakerView.h; sourceTree = "<group>"; };
		1F907058143B4F7000CC247B /* libAdMaker.a */ = {isa = PBXFileReference; lastKnownFileType = archive.ar; path = libAdMaker.a; sourceTree = "<group>"; };
		1F91D6BF1362C66E001C7E96 /* Action.m */ = {isa = PBXFileReference; fileEncoding = 4; lastKnownFileType = sourcecode.c.objc; path = Action.m; sourceTree = "<group>"; };
		1F975CBB1380BBEB00E7B15B /* vow.app */ = {isa = PBXFileReference; explicitFileType = wrapper.application; includeInIndex = 0; path = vow.app; sourceTree = BUILT_PRODUCTS_DIR; };
		1F993E6913581626009FBF69 /* Promise.h */ = {isa = PBXFileReference; fileEncoding = 4; lastKnownFileType = sourcecode.c.h; path = Promise.h; sourceTree = "<group>"; };
		1F993E6A13581626009FBF69 /* Promise.m */ = {isa = PBXFileReference; fileEncoding = 4; lastKnownFileType = sourcecode.c.objc; path = Promise.m; sourceTree = "<group>"; };
		1F9DAFD51382A2B800F1D728 /* TapkuLibrary.bundle */ = {isa = PBXFileReference; lastKnownFileType = "wrapper.plug-in"; name = TapkuLibrary.bundle; path = Library/TapKuLibrary/src/TapkuLibrary.bundle; sourceTree = SOURCE_ROOT; };
		1F9DAFD61382A2B800F1D728 /* TapkuLibrary.xcodeproj */ = {isa = PBXFileReference; lastKnownFileType = "wrapper.pb-project"; name = TapkuLibrary.xcodeproj; path = Library/TapKuLibrary/src/TapkuLibrary.xcodeproj; sourceTree = SOURCE_ROOT; };
		1F9FE6331399D77100837013 /* SettingViewController.m */ = {isa = PBXFileReference; fileEncoding = 4; lastKnownFileType = sourcecode.c.objc; path = SettingViewController.m; sourceTree = "<group>"; };
		1FB1B312138A67BD0095C726 /* AddPromiseForTestViewController.h */ = {isa = PBXFileReference; fileEncoding = 4; lastKnownFileType = sourcecode.c.h; path = AddPromiseForTestViewController.h; sourceTree = "<group>"; };
		1FB1B313138A67BD0095C726 /* AddPromiseForTestViewController.m */ = {isa = PBXFileReference; fileEncoding = 4; lastKnownFileType = sourcecode.c.objc; path = AddPromiseForTestViewController.m; sourceTree = "<group>"; };
		1FB1B314138A67BD0095C726 /* AddPromiseForTestViewController.xib */ = {isa = PBXFileReference; fileEncoding = 4; lastKnownFileType = file.xib; path = AddPromiseForTestViewController.xib; sourceTree = "<group>"; };
		1FB281DE1356EEB2003B2E2A /* UIKit.framework */ = {isa = PBXFileReference; lastKnownFileType = wrapper.framework; name = UIKit.framework; path = System/Library/Frameworks/UIKit.framework; sourceTree = SDKROOT; };
		1FB281E01356EEB2003B2E2A /* Foundation.framework */ = {isa = PBXFileReference; lastKnownFileType = wrapper.framework; name = Foundation.framework; path = System/Library/Frameworks/Foundation.framework; sourceTree = SDKROOT; };
		1FB281E21356EEB2003B2E2A /* CoreGraphics.framework */ = {isa = PBXFileReference; lastKnownFileType = wrapper.framework; name = CoreGraphics.framework; path = System/Library/Frameworks/CoreGraphics.framework; sourceTree = SDKROOT; };
		1FB281E41356EEB2003B2E2A /* CoreData.framework */ = {isa = PBXFileReference; lastKnownFileType = wrapper.framework; name = CoreData.framework; path = System/Library/Frameworks/CoreData.framework; sourceTree = SDKROOT; };
		1FB281EA1356EEB2003B2E2A /* en */ = {isa = PBXFileReference; lastKnownFileType = text.plist.strings; name = en; path = en.lproj/InfoPlist.strings; sourceTree = "<group>"; };
		1FB281EC1356EEB2003B2E2A /* vow-Prefix.pch */ = {isa = PBXFileReference; lastKnownFileType = sourcecode.c.h; path = "vow-Prefix.pch"; sourceTree = "<group>"; };
		1FB281ED1356EEB2003B2E2A /* main.m */ = {isa = PBXFileReference; lastKnownFileType = sourcecode.c.objc; path = main.m; sourceTree = "<group>"; };
		1FB281EF1356EEB2003B2E2A /* MahoAppDelegate.h */ = {isa = PBXFileReference; lastKnownFileType = sourcecode.c.h; path = MahoAppDelegate.h; sourceTree = "<group>"; };
		1FB281F01356EEB2003B2E2A /* MahoAppDelegate.m */ = {isa = PBXFileReference; lastKnownFileType = sourcecode.c.objc; path = MahoAppDelegate.m; sourceTree = "<group>"; };
		1FB281F31356EEB2003B2E2A /* Maho.xcdatamodel */ = {isa = PBXFileReference; lastKnownFileType = wrapper.xcdatamodel; path = Maho.xcdatamodel; sourceTree = "<group>"; };
		1FB281F61356EEB2003B2E2A /* en */ = {isa = PBXFileReference; lastKnownFileType = file.xib; name = en; path = en.lproj/MainWindow.xib; sourceTree = "<group>"; };
		1FB282031356EEB2003B2E2A /* vowTests.octest */ = {isa = PBXFileReference; explicitFileType = wrapper.cfbundle; includeInIndex = 0; path = vowTests.octest; sourceTree = BUILT_PRODUCTS_DIR; };
		1FB2820C1356EEB2003B2E2A /* vowTests-Info.plist */ = {isa = PBXFileReference; lastKnownFileType = text.plist.xml; path = "vowTests-Info.plist"; sourceTree = "<group>"; };
		1FB2820E1356EEB2003B2E2A /* en */ = {isa = PBXFileReference; lastKnownFileType = text.plist.strings; name = en; path = en.lproj/InfoPlist.strings; sourceTree = "<group>"; };
		1FB282101356EEB2003B2E2A /* vowTests-Prefix.pch */ = {isa = PBXFileReference; lastKnownFileType = sourcecode.c.h; path = "vowTests-Prefix.pch"; sourceTree = "<group>"; };
		1FB282111356EEB2003B2E2A /* MahoTests.h */ = {isa = PBXFileReference; lastKnownFileType = sourcecode.c.h; path = MahoTests.h; sourceTree = "<group>"; };
		1FB282131356EEB2003B2E2A /* MahoTests.m */ = {isa = PBXFileReference; lastKnownFileType = sourcecode.c.objc; path = MahoTests.m; sourceTree = "<group>"; };
		1FB2821E1356EF2F003B2E2A /* SecondViewController.h */ = {isa = PBXFileReference; fileEncoding = 4; lastKnownFileType = sourcecode.c.h; path = SecondViewController.h; sourceTree = "<group>"; };
		1FB2821F1356EF2F003B2E2A /* SecondViewController.m */ = {isa = PBXFileReference; fileEncoding = 4; lastKnownFileType = sourcecode.c.objc; path = SecondViewController.m; sourceTree = "<group>"; };
		1FB282201356EF2F003B2E2A /* SecondViewController.xib */ = {isa = PBXFileReference; fileEncoding = 4; lastKnownFileType = file.xib; path = SecondViewController.xib; sourceTree = "<group>"; };
		1FB2822B1356F299003B2E2A /* SettingViewController.h */ = {isa = PBXFileReference; fileEncoding = 4; lastKnownFileType = sourcecode.c.h; path = SettingViewController.h; sourceTree = "<group>"; };
		1FB2822D1356F29A003B2E2A /* SettingViewController.xib */ = {isa = PBXFileReference; fileEncoding = 4; lastKnownFileType = file.xib; path = SettingViewController.xib; sourceTree = "<group>"; };
		1FBD0C0213932B7D00A5F183 /* en */ = {isa = PBXFileReference; lastKnownFileType = text.plist.strings; name = en; path = en.lproj/Localizable.strings; sourceTree = "<group>"; };
		1FBD0C0913932B9500A5F183 /* en */ = {isa = PBXFileReference; lastKnownFileType = sourcecode.c.h; name = en; path = en.lproj/Action.h; sourceTree = "<group>"; };
		1FBD0C0B13932BB700A5F183 /* ja */ = {isa = PBXFileReference; lastKnownFileType = text.plist.strings; name = ja; path = ja.lproj/Localizable.strings; sourceTree = "<group>"; };
		1FBD0C0C13932D8400A5F183 /* vow-Info.plist */ = {isa = PBXFileReference; lastKnownFileType = text.plist.xml; path = "vow-Info.plist"; sourceTree = "<group>"; };
		1FBD0C0E1393364600A5F183 /* ja */ = {isa = PBXFileReference; lastKnownFileType = file.xib; name = ja; path = ja.lproj/MainWindow.xib; sourceTree = "<group>"; };
		1FBE5E73135FBECA0052B605 /* EditableTableViewCell.h */ = {isa = PBXFileReference; fileEncoding = 4; lastKnownFileType = sourcecode.c.h; path = EditableTableViewCell.h; sourceTree = "<group>"; };
		1FBE5E74135FBECA0052B605 /* EditableTableViewCell.m */ = {isa = PBXFileReference; fileEncoding = 4; lastKnownFileType = sourcecode.c.objc; path = EditableTableViewCell.m; sourceTree = "<group>"; };
		1FBE5E75135FBECA0052B605 /* EditableTableViewCell.xib */ = {isa = PBXFileReference; fileEncoding = 4; lastKnownFileType = file.xib; path = EditableTableViewCell.xib; sourceTree = "<group>"; };
		1FC571511438B0D9004F0F27 /* AddPromiseViewController.xib */ = {isa = PBXFileReference; fileEncoding = 4; lastKnownFileType = file.xib; path = AddPromiseViewController.xib; sourceTree = "<group>"; };
		1FC5BA4F138DE7F800F5444F /* jtUniversalLib.a */ = {isa = PBXFileReference; lastKnownFileType = archive.ar; path = jtUniversalLib.a; sourceTree = "<group>"; };
		1FC5BA51138DED3400F5444F /* MediaPlayer.framework */ = {isa = PBXFileReference; lastKnownFileType = wrapper.framework; name = MediaPlayer.framework; path = System/Library/Frameworks/MediaPlayer.framework; sourceTree = SDKROOT; };
		1FD88B0113752542008BFB41 /* Icon@2x.png */ = {isa = PBXFileReference; lastKnownFileType = image.png; path = "Icon@2x.png"; sourceTree = "<group>"; };
		1FE5A861139B513200A1D481 /* OpenAL.framework */ = {isa = PBXFileReference; lastKnownFileType = wrapper.framework; name = OpenAL.framework; path = System/Library/Frameworks/OpenAL.framework; sourceTree = SDKROOT; };
/* End PBXFileReference section */

/* Begin PBXFrameworksBuildPhase section */
		1FB281D71356EEB2003B2E2A /* Frameworks */ = {
			isa = PBXFrameworksBuildPhase;
			buildActionMask = 2147483647;
			files = (
				1F8A3144143B6BE600C16B18 /* Twitter.framework in Frameworks */,
				1F3FF6E914397EF200711A9F /* libTapkuLibrary.a in Frameworks */,
				1FE5A862139B513200A1D481 /* OpenAL.framework in Frameworks */,
				1FC5BA52138DED3400F5444F /* MediaPlayer.framework in Frameworks */,
				1F44265E138CA9B300C767FF /* MessageUI.framework in Frameworks */,
				1F44265C138CA98500C767FF /* SystemConfiguration.framework in Frameworks */,
				1F56E021137EBC6600B12B52 /* QuartzCore.framework in Frameworks */,
				1F442659138CA96F00C767FF /* iAd.framework in Frameworks */,
				1F56E023137EBC6E00B12B52 /* MapKit.framework in Frameworks */,
				1F442656138CA94C00C767FF /* libz.dylib in Frameworks */,
				1F442654138CA93900C767FF /* libsqlite3.dylib in Frameworks */,
				1F44264F138CA8FE00C767FF /* AddressBook.framework in Frameworks */,
				1F442650138CA8FE00C767FF /* AudioToolbox.framework in Frameworks */,
				1F442651138CA8FE00C767FF /* AVFoundation.framework in Frameworks */,
				1F442652138CA8FE00C767FF /* CoreLocation.framework in Frameworks */,
				1FB281DF1356EEB2003B2E2A /* UIKit.framework in Frameworks */,
				1FB281E11356EEB2003B2E2A /* Foundation.framework in Frameworks */,
				1FB281E31356EEB2003B2E2A /* CoreGraphics.framework in Frameworks */,
				1FB281E51356EEB2003B2E2A /* CoreData.framework in Frameworks */,
				1FC5BA50138DE7F800F5444F /* jtUniversalLib.a in Frameworks */,
				1F907059143B4F7000CC247B /* libAdMaker.a in Frameworks */,
			);
			runOnlyForDeploymentPostprocessing = 0;
		};
		1FB281FF1356EEB2003B2E2A /* Frameworks */ = {
			isa = PBXFrameworksBuildPhase;
			buildActionMask = 2147483647;
			files = (
				1FB282041356EEB2003B2E2A /* UIKit.framework in Frameworks */,
				1FB282051356EEB2003B2E2A /* Foundation.framework in Frameworks */,
				1FB282061356EEB2003B2E2A /* CoreGraphics.framework in Frameworks */,
				1FB282071356EEB2003B2E2A /* CoreData.framework in Frameworks */,
			);
			runOnlyForDeploymentPostprocessing = 0;
		};
/* End PBXFrameworksBuildPhase section */

/* Begin PBXGroup section */
		1F04B1321357209200741C40 /* DB */ = {
			isa = PBXGroup;
			children = (
				1FB281F21356EEB2003B2E2A /* Maho.xcdatamodeld */,
				1F993E6913581626009FBF69 /* Promise.h */,
				1F993E6A13581626009FBF69 /* Promise.m */,
				1FBD0C0A13932B9500A5F183 /* Action.h */,
				1F91D6BF1362C66E001C7E96 /* Action.m */,
			);
			name = DB;
			sourceTree = "<group>";
		};
		1F3640AD1357FF7F005C3961 /* AddPromiseView */ = {
			isa = PBXGroup;
			children = (
				1F82794A1438C1C700C3B85C /* Cell */,
				1F3640971357E88F005C3961 /* DateEditViewController.h */,
				1F3640981357E88F005C3961 /* DateEditViewController.m */,
				1F3640991357E88F005C3961 /* DateEditViewController.xib */,
			);
			name = AddPromiseView;
			sourceTree = "<group>";
		};
		1F746AB714401F630060F449 /* Images */ = {
			isa = PBXGroup;
			children = (
				1F746ABA14401FBC0060F449 /* Icon */,
				1F746AB914401FB40060F449 /* TabBar */,
				1F746ABB14401FEE0060F449 /* CheckBox */,
			);
			name = Images;
			sourceTree = "<group>";
		};
		1F746AB914401FB40060F449 /* TabBar */ = {
			isa = PBXGroup;
			children = (
				1F56E030137ECB2A00B12B52 /* TabItemForRootView.png */,
				1F56E034137ECD2100B12B52 /* TabItemForRootView@2x.png */,
				1F56E035137ECD2100B12B52 /* TabItemForSecondView@2x.png */,
				1F56E031137ECB2A00B12B52 /* TabItemForSecondView.png */,
			);
			name = TabBar;
			sourceTree = "<group>";
		};
		1F746ABA14401FBC0060F449 /* Icon */ = {
			isa = PBXGroup;
			children = (
				1F2713D3139E747C00910773 /* Icon.png */,
				1FD88B0113752542008BFB41 /* Icon@2x.png */,
			);
			name = Icon;
			sourceTree = "<group>";
		};
		1F746ABB14401FEE0060F449 /* CheckBox */ = {
			isa = PBXGroup;
			children = (
				1F2816521438D78800BA88D5 /* checkbox_default.png */,
				1F2816531438D78800BA88D5 /* checkbox_default@2x.png */,
				1F2816541438D78800BA88D5 /* checkBox_selected.png */,
				1F2816551438D78800BA88D5 /* checkBox_selected@2x.png */,
			);
			name = CheckBox;
			sourceTree = "<group>";
		};
		1F82794A1438C1C700C3B85C /* Cell */ = {
			isa = PBXGroup;
			children = (
				1FBE5E73135FBECA0052B605 /* EditableTableViewCell.h */,
				1FBE5E74135FBECA0052B605 /* EditableTableViewCell.m */,
				1FBE5E75135FBECA0052B605 /* EditableTableViewCell.xib */,
			);
			name = Cell;
			sourceTree = "<group>";
		};
		1F82794B1438C1DE00C3B85C /* Cell */ = {
			isa = PBXGroup;
			children = (
				1F82794C1438C21D00C3B85C /* CheckBoxTableViewCell.h */,
				1F82794D1438C21D00C3B85C /* CheckBoxTableViewCell.m */,
				1F82794E1438C21D00C3B85C /* CheckBoxTableViewCell.xib */,
			);
			name = Cell;
			sourceTree = "<group>";
		};
		1F907055143B4F5400CC247B /* AdMaker */ = {
			isa = PBXGroup;
			children = (
				1F907056143B4F7000CC247B /* AdMakerDelegate.h */,
				1F907057143B4F7000CC247B /* AdMakerView.h */,
				1F907058143B4F7000CC247B /* libAdMaker.a */,
			);
			name = AdMaker;
			sourceTree = "<group>";
		};
		1F9DAFD71382A2B800F1D728 /* Products */ = {
			isa = PBXGroup;
			children = (
				1F9DAFE01382A2B900F1D728 /* libTapkuLibrary.a */,
				1F9DAFE21382A2B900F1D728 /* LogicTests.octest */,
			);
			name = Products;
			sourceTree = "<group>";
		};
		1FAAF97F137E921400872CBB /* RootView */ = {
			isa = PBXGroup;
			children = (
				1F82794B1438C1DE00C3B85C /* Cell */,
				1F6A3F7E1376410500E55CF5 /* RootViewController.h */,
				1F6A3F7F1376410500E55CF5 /* RootViewController.m */,
				1F6A3F801376410500E55CF5 /* RootViewController.xib */,
				1F04B144135750BB00741C40 /* AddPromiseViewController.h */,
				1F04B145135750BB00741C40 /* AddPromiseViewController.m */,
				1FC571511438B0D9004F0F27 /* AddPromiseViewController.xib */,
				1F3640AD1357FF7F005C3961 /* AddPromiseView */,
				1FB282301356F3E1003B2E2A /* SettingView */,
			);
			name = RootView;
			sourceTree = "<group>";
		};
		1FAAF981137E923B00872CBB /* SecondView */ = {
			isa = PBXGroup;
			children = (
				1FB2821E1356EF2F003B2E2A /* SecondViewController.h */,
				1FB2821F1356EF2F003B2E2A /* SecondViewController.m */,
				1FB282201356EF2F003B2E2A /* SecondViewController.xib */,
				1F829ACA138E52F60018B8BE /* ActionsViewController.h */,
				1F829ACB138E52F60018B8BE /* ActionsViewController.m */,
				1F829ACC138E52F60018B8BE /* ActionsViewController.xib */,
			);
			name = SecondView;
			sourceTree = "<group>";
		};
		1FB1B317138A67DD0095C726 /* AddPromiseForTest */ = {
			isa = PBXGroup;
			children = (
				1FB1B312138A67BD0095C726 /* AddPromiseForTestViewController.h */,
				1FB1B313138A67BD0095C726 /* AddPromiseForTestViewController.m */,
				1FB1B314138A67BD0095C726 /* AddPromiseForTestViewController.xib */,
			);
			name = AddPromiseForTest;
			sourceTree = "<group>";
		};
		1FB281CF1356EEB2003B2E2A = {
			isa = PBXGroup;
			children = (
				1FB281E61356EEB2003B2E2A /* Maho */,
				1F746AB714401F630060F449 /* Images */,
				1FB2820A1356EEB2003B2E2A /* MahoTests */,
				1FB281DD1356EEB2003B2E2A /* Frameworks */,
				1FB281DB1356EEB2003B2E2A /* Products */,
			);
			sourceTree = "<group>";
		};
		1FB281DB1356EEB2003B2E2A /* Products */ = {
			isa = PBXGroup;
			children = (
				1FB282031356EEB2003B2E2A /* vowTests.octest */,
				1F975CBB1380BBEB00E7B15B /* vow.app */,
			);
			name = Products;
			sourceTree = "<group>";
		};
		1FB281DD1356EEB2003B2E2A /* Frameworks */ = {
			isa = PBXGroup;
			children = (
				1F8A3143143B6BE600C16B18 /* Twitter.framework */,
				1FC5BA4F138DE7F800F5444F /* jtUniversalLib.a */,
				1F442655138CA94C00C767FF /* libz.dylib */,
				1F442653138CA93900C767FF /* libsqlite3.dylib */,
				1FE5A861139B513200A1D481 /* OpenAL.framework */,
				1FC5BA51138DED3400F5444F /* MediaPlayer.framework */,
				1F44265D138CA9B300C767FF /* MessageUI.framework */,
				1F44265B138CA98500C767FF /* SystemConfiguration.framework */,
				1F44265A138CA97700C767FF /* QuartzCore.framework */,
				1F442658138CA96F00C767FF /* iAd.framework */,
				1F442657138CA95500C767FF /* MapKit.framework */,
				1F44264B138CA8FE00C767FF /* AddressBook.framework */,
				1F44264C138CA8FE00C767FF /* AudioToolbox.framework */,
				1F44264D138CA8FE00C767FF /* AVFoundation.framework */,
				1F44264E138CA8FE00C767FF /* CoreLocation.framework */,
				1F9DAFD61382A2B800F1D728 /* TapkuLibrary.xcodeproj */,
				1F56E022137EBC6E00B12B52 /* MapKit.framework */,
				1F56E020137EBC6600B12B52 /* QuartzCore.framework */,
				1FB281DE1356EEB2003B2E2A /* UIKit.framework */,
				1FB281E01356EEB2003B2E2A /* Foundation.framework */,
				1FB281E21356EEB2003B2E2A /* CoreGraphics.framework */,
				1FB281E41356EEB2003B2E2A /* CoreData.framework */,
			);
			name = Frameworks;
			sourceTree = "<group>";
		};
		1FB281E61356EEB2003B2E2A /* Maho */ = {
			isa = PBXGroup;
			children = (
				1FB281F51356EEB2003B2E2A /* MainWindow.xib */,
				1FB281EF1356EEB2003B2E2A /* MahoAppDelegate.h */,
				1FB281F01356EEB2003B2E2A /* MahoAppDelegate.m */,
				1FAAF97F137E921400872CBB /* RootView */,
				1FAAF981137E923B00872CBB /* SecondView */,
				1FB1B317138A67DD0095C726 /* AddPromiseForTest */,
				1F04B1321357209200741C40 /* DB */,
				1FB281E71356EEB2003B2E2A /* Supporting Files */,
				1F907055143B4F5400CC247B /* AdMaker */,
				1F9DAFD51382A2B800F1D728 /* TapkuLibrary.bundle */,
				1FBD0C0313932B7D00A5F183 /* Localizable.strings */,
			);
			path = Maho;
			sourceTree = "<group>";
		};
		1FB281E71356EEB2003B2E2A /* Supporting Files */ = {
			isa = PBXGroup;
			children = (
				1FBD0C0C13932D8400A5F183 /* vow-Info.plist */,
				1FB281E91356EEB2003B2E2A /* InfoPlist.strings */,
				1FB281EC1356EEB2003B2E2A /* vow-Prefix.pch */,
				1FB281ED1356EEB2003B2E2A /* main.m */,
			);
			name = "Supporting Files";
			sourceTree = "<group>";
		};
		1FB2820A1356EEB2003B2E2A /* MahoTests */ = {
			isa = PBXGroup;
			children = (
				1FB282111356EEB2003B2E2A /* MahoTests.h */,
				1FB282131356EEB2003B2E2A /* MahoTests.m */,
				1FB2820B1356EEB2003B2E2A /* Supporting Files */,
			);
			path = MahoTests;
			sourceTree = "<group>";
		};
		1FB2820B1356EEB2003B2E2A /* Supporting Files */ = {
			isa = PBXGroup;
			children = (
				1FB2820C1356EEB2003B2E2A /* vowTests-Info.plist */,
				1FB2820D1356EEB2003B2E2A /* InfoPlist.strings */,
				1FB282101356EEB2003B2E2A /* vowTests-Prefix.pch */,
			);
			name = "Supporting Files";
			sourceTree = "<group>";
		};
		1FB282301356F3E1003B2E2A /* SettingView */ = {
			isa = PBXGroup;
			children = (
				1FB2822B1356F299003B2E2A /* SettingViewController.h */,
				1F9FE6331399D77100837013 /* SettingViewController.m */,
				1FB2822D1356F29A003B2E2A /* SettingViewController.xib */,
				1F7F4DAF13923ACC00D2ED6F /* CopyrightViewController.h */,
				1F7F4DB013923ACC00D2ED6F /* CopyrightViewController.m */,
				1F7F4DB113923ACC00D2ED6F /* CopyrightViewController.xib */,
				1F8CBA0A13928F810045068C /* ReminderViewController.h */,
				1F8CBA0B13928F810045068C /* ReminderViewController.m */,
				1F8CBA0C13928F810045068C /* ReminderViewController.xib */,
			);
			name = SettingView;
			sourceTree = "<group>";
		};
/* End PBXGroup section */

/* Begin PBXNativeTarget section */
		1FB281D91356EEB2003B2E2A /* vow */ = {
			isa = PBXNativeTarget;
			buildConfigurationList = 1FB282171356EEB2003B2E2A /* Build configuration list for PBXNativeTarget "vow" */;
			buildPhases = (
				1FB281D61356EEB2003B2E2A /* Sources */,
				1FB281D71356EEB2003B2E2A /* Frameworks */,
				1FB281D81356EEB2003B2E2A /* Resources */,
			);
			buildRules = (
			);
			dependencies = (
				1F9DAFE41382A2C100F1D728 /* PBXTargetDependency */,
			);
			name = vow;
			productName = Maho;
			productReference = 1F975CBB1380BBEB00E7B15B /* vow.app */;
			productType = "com.apple.product-type.application";
		};
		1FB282021356EEB2003B2E2A /* vowTests */ = {
			isa = PBXNativeTarget;
			buildConfigurationList = 1FB2821A1356EEB2003B2E2A /* Build configuration list for PBXNativeTarget "vowTests" */;
			buildPhases = (
				1FB281FE1356EEB2003B2E2A /* Sources */,
				1FB281FF1356EEB2003B2E2A /* Frameworks */,
				1FB282001356EEB2003B2E2A /* Resources */,
				1FB282011356EEB2003B2E2A /* ShellScript */,
			);
			buildRules = (
			);
			dependencies = (
				1FB282091356EEB2003B2E2A /* PBXTargetDependency */,
			);
			name = vowTests;
			productName = MahoTests;
			productReference = 1FB282031356EEB2003B2E2A /* vowTests.octest */;
			productType = "com.apple.product-type.bundle";
		};
/* End PBXNativeTarget section */

/* Begin PBXProject section */
		1FB281D11356EEB2003B2E2A /* Project object */ = {
			isa = PBXProject;
			attributes = {
				LastUpgradeCheck = 0420;
			};
			buildConfigurationList = 1FB281D41356EEB2003B2E2A /* Build configuration list for PBXProject "vow" */;
			compatibilityVersion = "Xcode 3.2";
			developmentRegion = English;
			hasScannedForEncodings = 0;
			knownRegions = (
				en,
				ja,
			);
			mainGroup = 1FB281CF1356EEB2003B2E2A;
			productRefGroup = 1FB281DB1356EEB2003B2E2A /* Products */;
			projectDirPath = "";
			projectReferences = (
				{
					ProductGroup = 1F9DAFD71382A2B800F1D728 /* Products */;
					ProjectRef = 1F9DAFD61382A2B800F1D728 /* TapkuLibrary.xcodeproj */;
				},
			);
			projectRoot = "";
			targets = (
				1FB281D91356EEB2003B2E2A /* vow */,
				1FB282021356EEB2003B2E2A /* vowTests */,
			);
		};
/* End PBXProject section */

/* Begin PBXReferenceProxy section */
		1F9DAFE01382A2B900F1D728 /* libTapkuLibrary.a */ = {
			isa = PBXReferenceProxy;
			fileType = archive.ar;
			path = libTapkuLibrary.a;
			remoteRef = 1F9DAFDF1382A2B900F1D728 /* PBXContainerItemProxy */;
			sourceTree = BUILT_PRODUCTS_DIR;
		};
		1F9DAFE21382A2B900F1D728 /* LogicTests.octest */ = {
			isa = PBXReferenceProxy;
			fileType = wrapper.cfbundle;
			path = LogicTests.octest;
			remoteRef = 1F9DAFE11382A2B900F1D728 /* PBXContainerItemProxy */;
			sourceTree = BUILT_PRODUCTS_DIR;
		};
/* End PBXReferenceProxy section */

/* Begin PBXResourcesBuildPhase section */
		1FB281D81356EEB2003B2E2A /* Resources */ = {
			isa = PBXResourcesBuildPhase;
			buildActionMask = 2147483647;
			files = (
				1FB281EB1356EEB2003B2E2A /* InfoPlist.strings in Resources */,
				1FB281F71356EEB2003B2E2A /* MainWindow.xib in Resources */,
				1FB282221356EF2F003B2E2A /* SecondViewController.xib in Resources */,
				1FB2822F1356F29A003B2E2A /* SettingViewController.xib in Resources */,
				1F36409B1357E88F005C3961 /* DateEditViewController.xib in Resources */,
				1FBE5E77135FBECA0052B605 /* EditableTableViewCell.xib in Resources */,
				1FD88B0313752E2A008BFB41 /* Icon@2x.png in Resources */,
				1F6A3F821376410500E55CF5 /* RootViewController.xib in Resources */,
				1F56E032137ECB2A00B12B52 /* TabItemForRootView.png in Resources */,
				1F56E033137ECB2A00B12B52 /* TabItemForSecondView.png in Resources */,
				1F56E036137ECD2100B12B52 /* TabItemForRootView@2x.png in Resources */,
				1F56E037137ECD2100B12B52 /* TabItemForSecondView@2x.png in Resources */,
				1F9DAFDC1382A2B800F1D728 /* TapkuLibrary.bundle in Resources */,
				1FB1B316138A67BD0095C726 /* AddPromiseForTestViewController.xib in Resources */,
				1F829ACE138E52F60018B8BE /* ActionsViewController.xib in Resources */,
				1F7F4DB313923ACC00D2ED6F /* CopyrightViewController.xib in Resources */,
				1F8CBA0E13928F810045068C /* ReminderViewController.xib in Resources */,
				1FBD0C0113932B7D00A5F183 /* Localizable.strings in Resources */,
				1F2713D4139E747C00910773 /* Icon.png in Resources */,
				1FC571531438B0DE004F0F27 /* AddPromiseViewController.xib in Resources */,
				1F8279501438C21D00C3B85C /* CheckBoxTableViewCell.xib in Resources */,
				1F2816561438D78800BA88D5 /* checkbox_default.png in Resources */,
				1F2816571438D78800BA88D5 /* checkbox_default@2x.png in Resources */,
				1F2816581438D78800BA88D5 /* checkBox_selected.png in Resources */,
				1F2816591438D78800BA88D5 /* checkBox_selected@2x.png in Resources */,
			);
			runOnlyForDeploymentPostprocessing = 0;
		};
		1FB282001356EEB2003B2E2A /* Resources */ = {
			isa = PBXResourcesBuildPhase;
			buildActionMask = 2147483647;
			files = (
				1FB2820F1356EEB2003B2E2A /* InfoPlist.strings in Resources */,
				1FB282121356EEB2003B2E2A /* MahoTests.h in Resources */,
			);
			runOnlyForDeploymentPostprocessing = 0;
		};
/* End PBXResourcesBuildPhase section */

/* Begin PBXShellScriptBuildPhase section */
		1FB282011356EEB2003B2E2A /* ShellScript */ = {
			isa = PBXShellScriptBuildPhase;
			buildActionMask = 2147483647;
			files = (
			);
			inputPaths = (
			);
			outputPaths = (
			);
			runOnlyForDeploymentPostprocessing = 0;
			shellPath = /bin/sh;
			shellScript = "# Run the unit tests in this test bundle.\n\"${SYSTEM_DEVELOPER_DIR}/Tools/RunUnitTests\"\n";
		};
/* End PBXShellScriptBuildPhase section */

/* Begin PBXSourcesBuildPhase section */
		1FB281D61356EEB2003B2E2A /* Sources */ = {
			isa = PBXSourcesBuildPhase;
			buildActionMask = 2147483647;
			files = (
				1FB281EE1356EEB2003B2E2A /* main.m in Sources */,
				1FB281F11356EEB2003B2E2A /* MahoAppDelegate.m in Sources */,
				1FB281F41356EEB2003B2E2A /* Maho.xcdatamodeld in Sources */,
				1FB282211356EF2F003B2E2A /* SecondViewController.m in Sources */,
				1F9FE6321399D77100837013 /* SettingViewController.m in Sources */,
				1F04B147135750BC00741C40 /* AddPromiseViewController.m in Sources */,
				1F36409A1357E88F005C3961 /* DateEditViewController.m in Sources */,
				1F993E6B13581626009FBF69 /* Promise.m in Sources */,
				1FBE5E76135FBECA0052B605 /* EditableTableViewCell.m in Sources */,
				1F91D6C01362C66E001C7E96 /* Action.m in Sources */,
				1F6A3F811376410500E55CF5 /* RootViewController.m in Sources */,
				1FB1B315138A67BD0095C726 /* AddPromiseForTestViewController.m in Sources */,
				1F829ACD138E52F60018B8BE /* ActionsViewController.m in Sources */,
				1F7F4DB213923ACC00D2ED6F /* CopyrightViewController.m in Sources */,
				1F8CBA0D13928F810045068C /* ReminderViewController.m in Sources */,
				1F82794F1438C21D00C3B85C /* CheckBoxTableViewCell.m in Sources */,
			);
			runOnlyForDeploymentPostprocessing = 0;
		};
		1FB281FE1356EEB2003B2E2A /* Sources */ = {
			isa = PBXSourcesBuildPhase;
			buildActionMask = 2147483647;
			files = (
				1FB282141356EEB2003B2E2A /* MahoTests.m in Sources */,
			);
			runOnlyForDeploymentPostprocessing = 0;
		};
/* End PBXSourcesBuildPhase section */

/* Begin PBXTargetDependency section */
		1F9DAFE41382A2C100F1D728 /* PBXTargetDependency */ = {
			isa = PBXTargetDependency;
			name = TapkuLibrary;
			targetProxy = 1F9DAFE31382A2C100F1D728 /* PBXContainerItemProxy */;
		};
		1FB282091356EEB2003B2E2A /* PBXTargetDependency */ = {
			isa = PBXTargetDependency;
			target = 1FB281D91356EEB2003B2E2A /* vow */;
			targetProxy = 1FB282081356EEB2003B2E2A /* PBXContainerItemProxy */;
		};
/* End PBXTargetDependency section */

/* Begin PBXVariantGroup section */
		1FB281E91356EEB2003B2E2A /* InfoPlist.strings */ = {
			isa = PBXVariantGroup;
			children = (
				1FB281EA1356EEB2003B2E2A /* en */,
			);
			name = InfoPlist.strings;
			sourceTree = "<group>";
		};
		1FB281F51356EEB2003B2E2A /* MainWindow.xib */ = {
			isa = PBXVariantGroup;
			children = (
				1FB281F61356EEB2003B2E2A /* en */,
				1FBD0C0E1393364600A5F183 /* ja */,
			);
			name = MainWindow.xib;
			sourceTree = "<group>";
		};
		1FB2820D1356EEB2003B2E2A /* InfoPlist.strings */ = {
			isa = PBXVariantGroup;
			children = (
				1FB2820E1356EEB2003B2E2A /* en */,
			);
			name = InfoPlist.strings;
			sourceTree = "<group>";
		};
		1FBD0C0313932B7D00A5F183 /* Localizable.strings */ = {
			isa = PBXVariantGroup;
			children = (
				1FBD0C0213932B7D00A5F183 /* en */,
				1FBD0C0B13932BB700A5F183 /* ja */,
			);
			name = Localizable.strings;
			sourceTree = SOURCE_ROOT;
		};
		1FBD0C0A13932B9500A5F183 /* Action.h */ = {
			isa = PBXVariantGroup;
			children = (
				1FBD0C0913932B9500A5F183 /* en */,
			);
			name = Action.h;
			sourceTree = "<group>";
		};
/* End PBXVariantGroup section */

/* Begin XCBuildConfiguration section */
		1FB282151356EEB2003B2E2A /* Debug */ = {
			isa = XCBuildConfiguration;
			buildSettings = {
				ARCHS = "$(ARCHS_STANDARD_32_BIT)";
				CLANG_ENABLE_OBJC_ARC = YES;
				CODE_SIGN_IDENTITY = "iPhone Developer: Ken Tsutsumi (5TFUJSDX5M)";
				"CODE_SIGN_IDENTITY[sdk=iphoneos*]" = "iPhone Developer: Ken Tsutsumi (5TFUJSDX5M)";
				GCC_C_LANGUAGE_STANDARD = gnu99;
				GCC_OPTIMIZATION_LEVEL = 0;
				GCC_PREPROCESSOR_DEFINITIONS = DEBUG;
				GCC_SYMBOLS_PRIVATE_EXTERN = NO;
				GCC_VERSION = com.apple.compilers.llvm.clang.1_0;
				GCC_WARN_ABOUT_RETURN_TYPE = YES;
				GCC_WARN_UNUSED_VARIABLE = YES;
				HEADER_SEARCH_PATHS = Library/TapKuLibrary/src;
				IPHONEOS_DEPLOYMENT_TARGET = 5.0;
				OTHER_LDFLAGS = (
					"-ObjC",
					"-all_load",
				);
				PROVISIONING_PROFILE = "F89F14E1-C8DD-45F5-BE8D-AFB20B4535F0";
				"PROVISIONING_PROFILE[sdk=iphoneos*]" = "F89F14E1-C8DD-45F5-BE8D-AFB20B4535F0";
				SDKROOT = iphoneos;
				VALID_ARCHS = "armv6 armv7 i386";
			};
			name = Debug;
		};
		1FB282161356EEB2003B2E2A /* Release */ = {
			isa = XCBuildConfiguration;
			buildSettings = {
				ARCHS = "$(ARCHS_STANDARD_32_BIT)";
				CLANG_ENABLE_OBJC_ARC = YES;
				CODE_SIGN_IDENTITY = "iPhone Distribution: Ken Tsutsumi";
				"CODE_SIGN_IDENTITY[sdk=iphoneos*]" = "iPhone Distribution: Ken Tsutsumi";
				GCC_C_LANGUAGE_STANDARD = gnu99;
				GCC_VERSION = com.apple.compilers.llvm.clang.1_0;
				GCC_WARN_ABOUT_RETURN_TYPE = YES;
				GCC_WARN_UNUSED_VARIABLE = YES;
				HEADER_SEARCH_PATHS = Library/TapKuLibrary/src;
				IPHONEOS_DEPLOYMENT_TARGET = 5.0;
				OTHER_CFLAGS = "-DNS_BLOCK_ASSERTIONS=1";
				OTHER_LDFLAGS = (
					"-ObjC",
					"-all_load",
				);
				PROVISIONING_PROFILE = "79955C96-A3D8-4D88-9D64-8A2151B5B99C";
				"PROVISIONING_PROFILE[sdk=iphoneos*]" = "79955C96-A3D8-4D88-9D64-8A2151B5B99C";
				SDKROOT = iphoneos;
				VALID_ARCHS = "armv7 i386 armv6";
			};
			name = Release;
		};
		1FB282181356EEB2003B2E2A /* Debug */ = {
			isa = XCBuildConfiguration;
			buildSettings = {
				ALWAYS_SEARCH_USER_PATHS = NO;
				COPY_PHASE_STRIP = NO;
				GCC_DYNAMIC_NO_PIC = NO;
				GCC_PRECOMPILE_PREFIX_HEADER = YES;
				GCC_PREFIX_HEADER = "Maho/vow-Prefix.pch";
				INFOPLIST_FILE = "Maho/vow-Info.plist";
				IPHONEOS_DEPLOYMENT_TARGET = 4.3;
				LIBRARY_SEARCH_PATHS = (
					"\"$(SRCROOT)/../../../../../../Library/Developer/Xcode/DerivedData/vow-gyjaqjvximcwwqcteeuxeavsivdx/Build/Products/Release-iphoneos\"",
					"$(inherited)",
					"\"$(SRCROOT)\"",
					"\"$(SRCROOT)/Maho/GoogleAdMobAdsSDK\"",
					"\"$(SRCROOT)/Maho\"",
				);
				OTHER_LDFLAGS = (
					"-all_load",
					"-ObjC",
				);
				PRODUCT_NAME = vow;
				WRAPPER_EXTENSION = app;
			};
			name = Debug;
		};
		1FB282191356EEB2003B2E2A /* Release */ = {
			isa = XCBuildConfiguration;
			buildSettings = {
				ALWAYS_SEARCH_USER_PATHS = NO;
				COPY_PHASE_STRIP = YES;
				GCC_PRECOMPILE_PREFIX_HEADER = YES;
				GCC_PREFIX_HEADER = "Maho/vow-Prefix.pch";
				INFOPLIST_FILE = "Maho/vow-Info.plist";
				IPHONEOS_DEPLOYMENT_TARGET = 4.3;
				LIBRARY_SEARCH_PATHS = (
					"\"$(SRCROOT)/../../../../../../Library/Developer/Xcode/DerivedData/vow-gyjaqjvximcwwqcteeuxeavsivdx/Build/Products/Release-iphoneos\"",
					"$(inherited)",
					"\"$(SRCROOT)\"",
					"\"$(SRCROOT)/Maho/GoogleAdMobAdsSDK\"",
					"\"$(SRCROOT)/Maho\"",
				);
				OTHER_LDFLAGS = (
					"-all_load",
					"-ObjC",
				);
				PRODUCT_NAME = vow;
				VALIDATE_PRODUCT = YES;
				WRAPPER_EXTENSION = app;
			};
			name = Release;
		};
		1FB2821B1356EEB2003B2E2A /* Debug */ = {
			isa = XCBuildConfiguration;
			buildSettings = {
				ALWAYS_SEARCH_USER_PATHS = NO;
				BUNDLE_LOADER = "$(BUILT_PRODUCTS_DIR)/Maho.app/Maho";
				FRAMEWORK_SEARCH_PATHS = (
					"$(SDKROOT)/Developer/Library/Frameworks",
					"$(DEVELOPER_LIBRARY_DIR)/Frameworks",
				);
				GCC_PRECOMPILE_PREFIX_HEADER = YES;
				GCC_PREFIX_HEADER = "MahoTests/vowTests-Prefix.pch";
				INFOPLIST_FILE = "MahoTests/vowTests-Info.plist";
				OTHER_LDFLAGS = (
					"-framework",
					SenTestingKit,
				);
				PRODUCT_NAME = vowTests;
				TEST_HOST = "$(BUNDLE_LOADER)";
				WRAPPER_EXTENSION = octest;
			};
			name = Debug;
		};
		1FB2821C1356EEB2003B2E2A /* Release */ = {
			isa = XCBuildConfiguration;
			buildSettings = {
				ALWAYS_SEARCH_USER_PATHS = NO;
				BUNDLE_LOADER = "$(BUILT_PRODUCTS_DIR)/Maho.app/Maho";
				FRAMEWORK_SEARCH_PATHS = (
					"$(SDKROOT)/Developer/Library/Frameworks",
					"$(DEVELOPER_LIBRARY_DIR)/Frameworks",
				);
				GCC_PRECOMPILE_PREFIX_HEADER = YES;
				GCC_PREFIX_HEADER = "MahoTests/vowTests-Prefix.pch";
				INFOPLIST_FILE = "MahoTests/vowTests-Info.plist";
				OTHER_LDFLAGS = (
					"-framework",
					SenTestingKit,
				);
				PRODUCT_NAME = vowTests;
				TEST_HOST = "$(BUNDLE_LOADER)";
				WRAPPER_EXTENSION = octest;
			};
			name = Release;
		};
		1FCDA61A137E6ADB000F74B8 /* AdHoc */ = {
			isa = XCBuildConfiguration;
			buildSettings = {
				ARCHS = "$(ARCHS_STANDARD_32_BIT)";
				CLANG_ENABLE_OBJC_ARC = YES;
				CODE_SIGN_IDENTITY = "iPhone Distribution: Ken Tsutsumi";
				"CODE_SIGN_IDENTITY[sdk=iphoneos*]" = "iPhone Distribution: Ken Tsutsumi";
				GCC_C_LANGUAGE_STANDARD = gnu99;
				GCC_OPTIMIZATION_LEVEL = 0;
				GCC_PREPROCESSOR_DEFINITIONS = DEBUG;
				GCC_SYMBOLS_PRIVATE_EXTERN = NO;
				GCC_VERSION = com.apple.compilers.llvm.clang.1_0;
				GCC_WARN_ABOUT_RETURN_TYPE = YES;
				GCC_WARN_UNUSED_VARIABLE = YES;
				HEADER_SEARCH_PATHS = Library/TapKuLibrary/src;
				IPHONEOS_DEPLOYMENT_TARGET = 5.0;
				OTHER_LDFLAGS = (
					"-ObjC",
					"-all_load",
				);
				PROVISIONING_PROFILE = "03C9FD1E-2EFB-419E-9C83-FB512EE1EBC3";
				"PROVISIONING_PROFILE[sdk=iphoneos*]" = "03C9FD1E-2EFB-419E-9C83-FB512EE1EBC3";
				SDKROOT = iphoneos;
				VALID_ARCHS = "armv6 armv7 i386";
			};
			name = AdHoc;
		};
		1FCDA61B137E6ADB000F74B8 /* AdHoc */ = {
			isa = XCBuildConfiguration;
			buildSettings = {
				ALWAYS_SEARCH_USER_PATHS = NO;
				COPY_PHASE_STRIP = NO;
				GCC_DYNAMIC_NO_PIC = NO;
				GCC_PRECOMPILE_PREFIX_HEADER = YES;
				GCC_PREFIX_HEADER = "Maho/vow-Prefix.pch";
				INFOPLIST_FILE = "Maho/vow-Info.plist";
				IPHONEOS_DEPLOYMENT_TARGET = 4.3;
				LIBRARY_SEARCH_PATHS = (
					"\"$(SRCROOT)/../../../../../../Library/Developer/Xcode/DerivedData/vow-gyjaqjvximcwwqcteeuxeavsivdx/Build/Products/Release-iphoneos\"",
					"$(inherited)",
					"\"$(SRCROOT)\"",
					"\"$(SRCROOT)/Maho/GoogleAdMobAdsSDK\"",
					"\"$(SRCROOT)/Maho\"",
				);
				OTHER_LDFLAGS = (
					"-all_load",
					"-ObjC",
				);
				PRODUCT_NAME = vow;
				WRAPPER_EXTENSION = app;
			};
			name = AdHoc;
		};
		1FCDA61C137E6ADB000F74B8 /* AdHoc */ = {
			isa = XCBuildConfiguration;
			buildSettings = {
				ALWAYS_SEARCH_USER_PATHS = NO;
				BUNDLE_LOADER = "$(BUILT_PRODUCTS_DIR)/Maho.app/Maho";
				FRAMEWORK_SEARCH_PATHS = (
					"$(SDKROOT)/Developer/Library/Frameworks",
					"$(DEVELOPER_LIBRARY_DIR)/Frameworks",
				);
				GCC_PRECOMPILE_PREFIX_HEADER = YES;
				GCC_PREFIX_HEADER = "MahoTests/vowTests-Prefix.pch";
				INFOPLIST_FILE = "MahoTests/vowTests-Info.plist";
				OTHER_LDFLAGS = (
					"-framework",
					SenTestingKit,
				);
				PRODUCT_NAME = vowTests;
				TEST_HOST = "$(BUNDLE_LOADER)";
				WRAPPER_EXTENSION = octest;
			};
			name = AdHoc;
		};
/* End XCBuildConfiguration section */

/* Begin XCConfigurationList section */
		1FB281D41356EEB2003B2E2A /* Build configuration list for PBXProject "vow" */ = {
			isa = XCConfigurationList;
			buildConfigurations = (
				1FB282151356EEB2003B2E2A /* Debug */,
				1FCDA61A137E6ADB000F74B8 /* AdHoc */,
				1FB282161356EEB2003B2E2A /* Release */,
			);
			defaultConfigurationIsVisible = 0;
			defaultConfigurationName = Release;
		};
		1FB282171356EEB2003B2E2A /* Build configuration list for PBXNativeTarget "vow" */ = {
			isa = XCConfigurationList;
			buildConfigurations = (
				1FB282181356EEB2003B2E2A /* Debug */,
				1FCDA61B137E6ADB000F74B8 /* AdHoc */,
				1FB282191356EEB2003B2E2A /* Release */,
			);
			defaultConfigurationIsVisible = 0;
			defaultConfigurationName = Release;
		};
		1FB2821A1356EEB2003B2E2A /* Build configuration list for PBXNativeTarget "vowTests" */ = {
			isa = XCConfigurationList;
			buildConfigurations = (
				1FB2821B1356EEB2003B2E2A /* Debug */,
				1FCDA61C137E6ADB000F74B8 /* AdHoc */,
				1FB2821C1356EEB2003B2E2A /* Release */,
			);
			defaultConfigurationIsVisible = 0;
			defaultConfigurationName = Release;
		};
/* End XCConfigurationList section */

/* Begin XCVersionGroup section */
		1FB281F21356EEB2003B2E2A /* Maho.xcdatamodeld */ = {
			isa = XCVersionGroup;
			children = (
				1FB281F31356EEB2003B2E2A /* Maho.xcdatamodel */,
			);
			currentVersion = 1FB281F31356EEB2003B2E2A /* Maho.xcdatamodel */;
			path = Maho.xcdatamodeld;
			sourceTree = "<group>";
			versionGroupType = wrapper.xcdatamodel;
		};
/* End XCVersionGroup section */
	};
	rootObject = 1FB281D11356EEB2003B2E2A /* Project object */;
}
